<?xml version="1.0" encoding="utf-8"?>
<Project ToolsVersion="4.0" xmlns="http://schemas.microsoft.com/developer/msbuild/2003">
  <ItemGroup>
    <ClCompile Include="main.cpp" />
    <ClCompile Include="App.cpp">
      <Filter>Application</Filter>
    </ClCompile>
  </ItemG  <ClCompile Include="Map.cpp">
      <Filter>World</Filter>
    </ClCompile>
    <ClCompile Include="Chunk.cpp">
      <Filter>Worldter>
    </ClCompile>
  </ItemGroup  <ClCompile Include="Camera.cpp">
      <Filter>Player
    </ClCompile>
  </ItemGroup>
  <ItemGroup>
    <Filter Include="Application">
      <UniqueIdentifier>{5b360779-947a-424d-8ce1-cdb692979eaf}</UniqueIdentifier>
    </Filter>
  </ItemGroup>  <Filter Include="World">
      <UniqueIdentifier>{8f147232-6a37-45f2-888f-714893194375dentifier>
    </Filter>
  </ItemGroup>
  <I  <Filter Include="Player">
      <UniqueIdentifier>{0024f614-0998-4c45-924e-7889d8da28a7fier>
    </Filter>
  </ItemGroup>
  <ItemGroup>
    <ClInclude Include="App.h">
      <Filter>Application</Filter>
    </ClInclude>
  </ItemGroup>
</Pr  <ClInclude Include="Map.h">
      <Filter>World</Filter>
    </ClInclude>
    <ClInclude Include="Chunk.h">
      <Filter>World</Filter>
    </ClInclude>
  </ItemGroup  <ClInclude Include="Camera.h">
      <Filter>Player</Filter>
    </ClInclude>
  </ItemGroup>
</Project>